
Microsoft Visual Studio Solution File, Format Version 12.00
# Visual Studio Version 16
VisualStudioVersion = 16.0.29326.143
MinimumVisualStudioVersion = 10.0.40219.1
Project("{8BC9CEB8-8B4A-11D0-8D11-00A0C91BC942}") = "redBlackTree_1", "redBlackTree_1.vcxproj", "{B5775511-7BF4-40B2-946F-7F2F00CF869B}"
EndProject
Global
	GlobalSection(SolutionConfigurationPlatforms) = preSolution
		Debug|x64 = Debug|x64
		Debug|x86 = Debug|x86
		Release|x64 = Release|x64
		Release|x86 = Release|x86
	EndGlobalSection
	GlobalSection(ProjectConfigurationPlatforms) = postSolution
		{B5775511-7BF4-40B2-946F-7F2F00CF869B}.Debug|x64.ActiveCfg = Debug|x64
		{B5775511-7BF4-40B2-946F-7F2F00CF869B}.Debug|x64.Build.0 = Debug|x64
		{B5775511-7BF4-40B2-946F-7F2F00CF869B}.Debug|x86.ActiveCfg = Debug|Win32
		{B5775511-7BF4-40B2-946F-7F2F00CF869B}.Debug|x86.Build.0 = Debug|Win32
		{B5775511-7BF4-40B2-946F-7F2F00CF869B}.Release|x64.ActiveCfg = Release|x64
		{B5775511-7BF4-40B2-946F-7F2F00CF869B}.Release|x64.Build.0 = Release|x64
		{B5775511-7BF4-40B2-946F-7F2F00CF869B}.Release|x86.ActiveCfg = Release|Win32
		{B5775511-7BF4-40B2-946F-7F2F00CF869B}.Release|x86.Build.0 = Release|Win32
	EndGlobalSection
	GlobalSection(SolutionProperties) = preSolution
		HideSolutionNode = FALSE
	EndGlobalSection
	GlobalSection(ExtensibilityGlobals) = postSolution
		SolutionGuid = {65030254-097E-45E1-A079-58DBC35D96F5}
	EndGlobalSection
EndGlobal
